{
  "name": "PrototipPushNotification",
  "lockfileVersion": 3,
  "requires": true,
  "packages": {
    "": {
      "dependencies": {
        "@types/serviceworker": "^0.0.101"
      }
    },
    "node_modules/@types/serviceworker": {
      "version": "0.0.101",
      "resolved": "https://registry.npmjs.org/@types/serviceworker/-/serviceworker-0.0.101.tgz",
      "integrity": "sha512-ds7Vil7PMGcMYKjV2B0/EL6EldSWqaPVUtgdmjJqiY8Qrv007oBQeoWlh8aNSKikQluoJKKmnUCBNPII6fLhXg==",
      "license": "Apache-2.0"
    }
  }
}
